
Microsoft Visual Studio Solution File, Format Version 12.00
# Visual Studio Version 17
VisualStudioVersion = 17.12.35527.113
MinimumVisualStudioVersion = 10.0.40219.1
Project("{FAE04EC0-301F-11D3-BF4B-00C04F79EFBC}") = "CallCare-Gameification-FE", "CallCare-Gameification-FE\CallCare-Gameification-FE.csproj", "{02BCC0E8-B137-4D7C-A518-9D6DE93233FF}"
EndProject
Project("{FAE04EC0-301F-11D3-BF4B-00C04F79EFBC}") = "CallCare-Gameification-BE", "CallCare-Gameification-BE\CallCare-Gameification-BE.csproj", "{5692DFA2-C04A-492A-A373-D2621CCD86CA}"
EndProject
Project("{FAE04EC0-301F-11D3-BF4B-00C04F79EFBC}") = "CallCare-Gameification-UT", "CallCare-Gameification-UT\CallCare-Gameification-UT.csproj", "{C1B68A7A-E494-4F05-A051-708CF6A9D7FD}"
EndProject
Project("{00D1A9C2-B5F0-4AF3-8072-F6C62B433612}") = "CallCare-Gameification-DB", "CallCare-Gameification-DB\CallCare-Gameification-DB.sqlproj", "{D6AF6F87-9F24-4039-BA4A-27CC7017D4B2}"
EndProject
Project("{2150E333-8FDC-42A3-9474-1A3956D46DE8}") = "Documentation", "Documentation", "{48937406-3FDF-4E17-9638-884D66AB84E6}"
	ProjectSection(SolutionItems) = preProject
		Documentation\Project-readme.docx = Documentation\Project-readme.docx
	EndProjectSection
EndProject
Global
	GlobalSection(SolutionConfigurationPlatforms) = preSolution
		Debug|Any CPU = Debug|Any CPU
		Release|Any CPU = Release|Any CPU
	EndGlobalSection
	GlobalSection(ProjectConfigurationPlatforms) = postSolution
		{02BCC0E8-B137-4D7C-A518-9D6DE93233FF}.Debug|Any CPU.ActiveCfg = Debug|Any CPU
		{02BCC0E8-B137-4D7C-A518-9D6DE93233FF}.Debug|Any CPU.Build.0 = Debug|Any CPU
		{02BCC0E8-B137-4D7C-A518-9D6DE93233FF}.Release|Any CPU.ActiveCfg = Release|Any CPU
		{02BCC0E8-B137-4D7C-A518-9D6DE93233FF}.Release|Any CPU.Build.0 = Release|Any CPU
		{5692DFA2-C04A-492A-A373-D2621CCD86CA}.Debug|Any CPU.ActiveCfg = Debug|Any CPU
		{5692DFA2-C04A-492A-A373-D2621CCD86CA}.Debug|Any CPU.Build.0 = Debug|Any CPU
		{5692DFA2-C04A-492A-A373-D2621CCD86CA}.Release|Any CPU.ActiveCfg = Release|Any CPU
		{5692DFA2-C04A-492A-A373-D2621CCD86CA}.Release|Any CPU.Build.0 = Release|Any CPU
		{C1B68A7A-E494-4F05-A051-708CF6A9D7FD}.Debug|Any CPU.ActiveCfg = Debug|Any CPU
		{C1B68A7A-E494-4F05-A051-708CF6A9D7FD}.Debug|Any CPU.Build.0 = Debug|Any CPU
		{C1B68A7A-E494-4F05-A051-708CF6A9D7FD}.Release|Any CPU.ActiveCfg = Release|Any CPU
		{C1B68A7A-E494-4F05-A051-708CF6A9D7FD}.Release|Any CPU.Build.0 = Release|Any CPU
		{D6AF6F87-9F24-4039-BA4A-27CC7017D4B2}.Debug|Any CPU.ActiveCfg = Debug|Any CPU
		{D6AF6F87-9F24-4039-BA4A-27CC7017D4B2}.Debug|Any CPU.Build.0 = Debug|Any CPU
		{D6AF6F87-9F24-4039-BA4A-27CC7017D4B2}.Debug|Any CPU.Deploy.0 = Debug|Any CPU
		{D6AF6F87-9F24-4039-BA4A-27CC7017D4B2}.Release|Any CPU.ActiveCfg = Release|Any CPU
		{D6AF6F87-9F24-4039-BA4A-27CC7017D4B2}.Release|Any CPU.Build.0 = Release|Any CPU
		{D6AF6F87-9F24-4039-BA4A-27CC7017D4B2}.Release|Any CPU.Deploy.0 = Release|Any CPU
	EndGlobalSection
	GlobalSection(SolutionProperties) = preSolution
		HideSolutionNode = FALSE
	EndGlobalSection
EndGlobal
